
Microsoft Visual Studio Solution File, Format Version 12.00
# Visual Studio Version 17
VisualStudioVersion = 17.3.32804.467
MinimumVisualStudioVersion = 10.0.40219.1
Project("{FAE04EC0-301F-11D3-BF4B-00C04F79EFBC}") = "DOniciAssignment1", "DOniciAssignment1\DOniciAssignment1.csproj", "{A08BE1DB-3624-40FE-AE00-F4051BEC4980}"
EndProject
Global
	GlobalSection(SolutionConfigurationPlatforms) = preSolution
		Debug|Any CPU = Debug|Any CPU
		Release|Any CPU = Release|Any CPU
	EndGlobalSection
	GlobalSection(ProjectConfigurationPlatforms) = postSolution
		{A08BE1DB-3624-40FE-AE00-F4051BEC4980}.Debug|Any CPU.ActiveCfg = Debug|Any CPU
		{A08BE1DB-3624-40FE-AE00-F4051BEC4980}.Debug|Any CPU.Build.0 = Debug|Any CPU
		{A08BE1DB-3624-40FE-AE00-F4051BEC4980}.Release|Any CPU.ActiveCfg = Release|Any CPU
		{A08BE1DB-3624-40FE-AE00-F4051BEC4980}.Release|Any CPU.Build.0 = Release|Any CPU
	EndGlobalSection
	GlobalSection(SolutionProperties) = preSolution
		HideSolutionNode = FALSE
	EndGlobalSection
	GlobalSection(ExtensibilityGlobals) = postSolution
		SolutionGuid = {D026B743-B2DD-4D3A-B5E8-61C64299028B}
	EndGlobalSection
EndGlobal
